Microsoft Visual Studio Solution File, Format Version 12.00
# Visual Studio 14
Project("{8BC9CEB8-8B4A-11D0-8D11-00A0C91BC942}") = "ALL_BUILD", "ALL_BUILD.vcxproj", "{73803734-E427-3E8C-A89D-F4F06518365C}"
	ProjectSection(ProjectDependencies) = postProject
		{6A3B430A-BDEE-32E7-94D0-B7E138AE6F3E} = {6A3B430A-BDEE-32E7-94D0-B7E138AE6F3E}
		{BCEE659F-9601-3A0B-B078-13F87464771A} = {BCEE659F-9601-3A0B-B078-13F87464771A}
	EndProjectSection
EndProject
Project("{8BC9CEB8-8B4A-11D0-8D11-00A0C91BC942}") = "HFNG_model", "HFNG_model.vcxproj", "{6A3B430A-BDEE-32E7-94D0-B7E138AE6F3E}"
	ProjectSection(ProjectDependencies) = postProject
		{BCEE659F-9601-3A0B-B078-13F87464771A} = {BCEE659F-9601-3A0B-B078-13F87464771A}
	EndProjectSection
EndProject
Project("{8BC9CEB8-8B4A-11D0-8D11-00A0C91BC942}") = "INSTALL", "INSTALL.vcxproj", "{87F4433D-8F3A-3911-B60B-4B0CF85B9D23}"
	ProjectSection(ProjectDependencies) = postProject
		{73803734-E427-3E8C-A89D-F4F06518365C} = {73803734-E427-3E8C-A89D-F4F06518365C}
		{BCEE659F-9601-3A0B-B078-13F87464771A} = {BCEE659F-9601-3A0B-B078-13F87464771A}
	EndProjectSection
EndProject
Project("{8BC9CEB8-8B4A-11D0-8D11-00A0C91BC942}") = "ZERO_CHECK", "ZERO_CHECK.vcxproj", "{BCEE659F-9601-3A0B-B078-13F87464771A}"
	ProjectSection(ProjectDependencies) = postProject
	EndProjectSection
EndProject
Global
	GlobalSection(SolutionConfigurationPlatforms) = preSolution
		Debug|Win32 = Debug|Win32
		Release|Win32 = Release|Win32
		MinSizeRel|Win32 = MinSizeRel|Win32
		RelWithDebInfo|Win32 = RelWithDebInfo|Win32
	EndGlobalSection
	GlobalSection(ProjectConfigurationPlatforms) = postSolution
		{73803734-E427-3E8C-A89D-F4F06518365C}.Debug|Win32.ActiveCfg = Debug|Win32
		{73803734-E427-3E8C-A89D-F4F06518365C}.Debug|Win32.Build.0 = Debug|Win32
		{73803734-E427-3E8C-A89D-F4F06518365C}.Release|Win32.ActiveCfg = Release|Win32
		{73803734-E427-3E8C-A89D-F4F06518365C}.Release|Win32.Build.0 = Release|Win32
		{73803734-E427-3E8C-A89D-F4F06518365C}.MinSizeRel|Win32.ActiveCfg = MinSizeRel|Win32
		{73803734-E427-3E8C-A89D-F4F06518365C}.MinSizeRel|Win32.Build.0 = MinSizeRel|Win32
		{73803734-E427-3E8C-A89D-F4F06518365C}.RelWithDebInfo|Win32.ActiveCfg = RelWithDebInfo|Win32
		{73803734-E427-3E8C-A89D-F4F06518365C}.RelWithDebInfo|Win32.Build.0 = RelWithDebInfo|Win32
		{6A3B430A-BDEE-32E7-94D0-B7E138AE6F3E}.Debug|Win32.ActiveCfg = Debug|Win32
		{6A3B430A-BDEE-32E7-94D0-B7E138AE6F3E}.Debug|Win32.Build.0 = Debug|Win32
		{6A3B430A-BDEE-32E7-94D0-B7E138AE6F3E}.Release|Win32.ActiveCfg = Release|Win32
		{6A3B430A-BDEE-32E7-94D0-B7E138AE6F3E}.Release|Win32.Build.0 = Release|Win32
		{6A3B430A-BDEE-32E7-94D0-B7E138AE6F3E}.MinSizeRel|Win32.ActiveCfg = MinSizeRel|Win32
		{6A3B430A-BDEE-32E7-94D0-B7E138AE6F3E}.MinSizeRel|Win32.Build.0 = MinSizeRel|Win32
		{6A3B430A-BDEE-32E7-94D0-B7E138AE6F3E}.RelWithDebInfo|Win32.ActiveCfg = RelWithDebInfo|Win32
		{6A3B430A-BDEE-32E7-94D0-B7E138AE6F3E}.RelWithDebInfo|Win32.Build.0 = RelWithDebInfo|Win32
		{87F4433D-8F3A-3911-B60B-4B0CF85B9D23}.Debug|Win32.ActiveCfg = Debug|Win32
		{87F4433D-8F3A-3911-B60B-4B0CF85B9D23}.Release|Win32.ActiveCfg = Release|Win32
		{87F4433D-8F3A-3911-B60B-4B0CF85B9D23}.MinSizeRel|Win32.ActiveCfg = MinSizeRel|Win32
		{87F4433D-8F3A-3911-B60B-4B0CF85B9D23}.RelWithDebInfo|Win32.ActiveCfg = RelWithDebInfo|Win32
		{BCEE659F-9601-3A0B-B078-13F87464771A}.Debug|Win32.ActiveCfg = Debug|Win32
		{BCEE659F-9601-3A0B-B078-13F87464771A}.Debug|Win32.Build.0 = Debug|Win32
		{BCEE659F-9601-3A0B-B078-13F87464771A}.Release|Win32.ActiveCfg = Release|Win32
		{BCEE659F-9601-3A0B-B078-13F87464771A}.Release|Win32.Build.0 = Release|Win32
		{BCEE659F-9601-3A0B-B078-13F87464771A}.MinSizeRel|Win32.ActiveCfg = MinSizeRel|Win32
		{BCEE659F-9601-3A0B-B078-13F87464771A}.MinSizeRel|Win32.Build.0 = MinSizeRel|Win32
		{BCEE659F-9601-3A0B-B078-13F87464771A}.RelWithDebInfo|Win32.ActiveCfg = RelWithDebInfo|Win32
		{BCEE659F-9601-3A0B-B078-13F87464771A}.RelWithDebInfo|Win32.Build.0 = RelWithDebInfo|Win32
	EndGlobalSection
	GlobalSection(ExtensibilityGlobals) = postSolution
	EndGlobalSection
	GlobalSection(ExtensibilityAddIns) = postSolution
	EndGlobalSection
EndGlobal
