<?xml version="1.0" encoding="UTF-8"?>
<Project ToolsVersion="14.0" xmlns="http://schemas.microsoft.com/developer/msbuild/2003">
  <ItemGroup>
    <ClCompile Include="\Users\Nnaemeka\Geant4\NuRef\HFNG_model.cc">
      <Filter>Source Files</Filter>
    </ClCompile>
    <ClCompile Include="\Users\Nnaemeka\Geant4\NuRef\src\ActionInitialization.cc">
      <Filter>Source Files</Filter>
    </ClCompile>
    <ClCompile Include="\Users\Nnaemeka\Geant4\NuRef\src\DetectorConstruction.cc">
      <Filter>Source Files</Filter>
    </ClCompile>
    <ClCompile Include="\Users\Nnaemeka\Geant4\NuRef\src\DetectorMessenger.cc">
      <Filter>Source Files</Filter>
    </ClCompile>
    <ClCompile Include="\Users\Nnaemeka\Geant4\NuRef\src\EventAction.cc">
      <Filter>Source Files</Filter>
    </ClCompile>
    <ClCompile Include="\Users\Nnaemeka\Geant4\NuRef\src\GammaPhysics.cc">
      <Filter>Source Files</Filter>
    </ClCompile>
    <ClCompile Include="\Users\Nnaemeka\Geant4\NuRef\src\HistoManager.cc">
      <Filter>Source Files</Filter>
    </ClCompile>
    <ClCompile Include="\Users\Nnaemeka\Geant4\NuRef\src\PrimaryGeneratorAction.cc">
      <Filter>Source Files</Filter>
    </ClCompile>
    <ClCompile Include="\Users\Nnaemeka\Geant4\NuRef\src\Run.cc">
      <Filter>Source Files</Filter>
    </ClCompile>
    <ClCompile Include="\Users\Nnaemeka\Geant4\NuRef\src\RunAction.cc">
      <Filter>Source Files</Filter>
    </ClCompile>
    <ClCompile Include="\Users\Nnaemeka\Geant4\NuRef\src\SteppingAction.cc">
      <Filter>Source Files</Filter>
    </ClCompile>
    <ClCompile Include="\Users\Nnaemeka\Geant4\NuRef\src\SteppingVerbose.cc">
      <Filter>Source Files</Filter>
    </ClCompile>
    <ClCompile Include="\Users\Nnaemeka\Geant4\NuRef\src\TrackingAction.cc">
      <Filter>Source Files</Filter>
    </ClCompile>
  </ItemGroup>
  <ItemGroup>
    <ClInclude Include="\Users\Nnaemeka\Geant4\NuRef\include\ActionInitialization.hh">
      <Filter>Header Files</Filter>
    </ClInclude>
    <ClInclude Include="\Users\Nnaemeka\Geant4\NuRef\include\DetectorConstruction.hh">
      <Filter>Header Files</Filter>
    </ClInclude>
    <ClInclude Include="\Users\Nnaemeka\Geant4\NuRef\include\DetectorMessenger.hh">
      <Filter>Header Files</Filter>
    </ClInclude>
    <ClInclude Include="\Users\Nnaemeka\Geant4\NuRef\include\EmStandardPhysics.hh">
      <Filter>Header Files</Filter>
    </ClInclude>
    <ClInclude Include="\Users\Nnaemeka\Geant4\NuRef\include\EventAction.hh">
      <Filter>Header Files</Filter>
    </ClInclude>
    <ClInclude Include="\Users\Nnaemeka\Geant4\NuRef\include\GammaPhysics.hh">
      <Filter>Header Files</Filter>
    </ClInclude>
    <ClInclude Include="\Users\Nnaemeka\Geant4\NuRef\include\HistoManager.hh">
      <Filter>Header Files</Filter>
    </ClInclude>
    <ClInclude Include="\Users\Nnaemeka\Geant4\NuRef\include\PhysicsList.hh">
      <Filter>Header Files</Filter>
    </ClInclude>
    <ClInclude Include="\Users\Nnaemeka\Geant4\NuRef\include\PrimaryGeneratorAction.hh">
      <Filter>Header Files</Filter>
    </ClInclude>
    <ClInclude Include="\Users\Nnaemeka\Geant4\NuRef\include\Run.hh">
      <Filter>Header Files</Filter>
    </ClInclude>
    <ClInclude Include="\Users\Nnaemeka\Geant4\NuRef\include\RunAction.hh">
      <Filter>Header Files</Filter>
    </ClInclude>
    <ClInclude Include="\Users\Nnaemeka\Geant4\NuRef\include\ShroudConstruction.hh">
      <Filter>Header Files</Filter>
    </ClInclude>
    <ClInclude Include="\Users\Nnaemeka\Geant4\NuRef\include\SteppingAction.hh">
      <Filter>Header Files</Filter>
    </ClInclude>
    <ClInclude Include="\Users\Nnaemeka\Geant4\NuRef\include\SteppingVerbose.hh">
      <Filter>Header Files</Filter>
    </ClInclude>
    <ClInclude Include="\Users\Nnaemeka\Geant4\NuRef\include\TrackingAction.hh">
      <Filter>Header Files</Filter>
    </ClInclude>
  </ItemGroup>
  <ItemGroup>
    <CustomBuild Include="\Users\Nnaemeka\Geant4\NuRef\CMakeLists.txt" />
  </ItemGroup>
  <ItemGroup>
    <Filter Include="Source Files">
      <UniqueIdentifier>{187DE3C2-54C4-3D3C-89E0-671C2911FC84}</UniqueIdentifier>
    </Filter>
    <Filter Include="Header Files">
      <UniqueIdentifier>{D5D8AE29-619D-30A5-8260-85D5A67F12F0}</UniqueIdentifier>
    </Filter>
  </ItemGroup>
</Project>
